<?xml version="1.0" encoding="utf-8"?>
<Project ToolsVersion="4.0" xmlns="http://schemas.microsoft.com/developer/msbuild/2003">
  <ItemGroup>
    <Filter Include="src">
      <UniqueIdentifier>{4FC737F1-C7A5-4376-A066-2A32D752A2FF}</UniqueIdentifier>
      <Extensions>cpp;c;cc;cxx;def;odl;idl;hpj;bat;asm;asmx</Extensions>
    </Filter>
    <Filter Include="src\tests">
      <UniqueIdentifier>{0085f9ae-a2d2-47f1-b090-11946239f61a}</UniqueIdentifier>
    </Filter>
    <Filter Include="include">
      <UniqueIdentifier>{93995380-89BD-4b04-88EB-625FBE52EBFB}</UniqueIdentifier>
      <Extensions>h;hpp;hxx;hm;inl;inc;xsd</Extensions>
    </Filter>
    <Filter Include="include\core">
      <UniqueIdentifier>{42387aeb-223b-4e22-8dc7-317a98440c12}</UniqueIdentifier>
    </Filter>
    <Filter Include="imgui">
      <UniqueIdentifier>{8aecf396-e818-4d18-8824-1a7c66bda35e}</UniqueIdentifier>
    </Filter>
  </ItemGroup>
  <ItemGroup>
    <ClCompile Include="..\src\Main.cpp">
      <Filter>src</Filter>
    </ClCompile>
    <ClCompile Include="..\external\src\imgui\imgui.cpp">
      <Filter>imgui</Filter>
    </ClCompile>
    <ClCompile Include="..\external\src\imgui\imgui_draw.cpp">
      <Filter>imgui</Filter>
    </ClCompile>
    <ClCompile Include="..\external\src\imgui\imgui_demo.cpp">
      <Filter>imgui</Filter>
    </ClCompile>
  </ItemGroup>
  <ItemGroup>
    <ClInclude Include="..\include\Core\Window.h">
      <Filter>include\core</Filter>
    </ClInclude>
    <ClInclude Include="..\include\core\StateManager.h">
      <Filter>include\core</Filter>
    </ClInclude>
    <ClInclude Include="..\include\core\Game.h">
      <Filter>include\core</Filter>
    </ClInclude>
    <ClInclude Include="..\include\core\State.h">
      <Filter>include\core</Filter>
    </ClInclude>
    <ClInclude Include="..\include\core\Input.h">
      <Filter>include\core</Filter>
    </ClInclude>
    <ClInclude Include="..\include\core\GL.h">
      <Filter>include\core</Filter>
    </ClInclude>
    <ClInclude Include="..\include\core\Math.h">
      <Filter>include\core</Filter>
    </ClInclude>
    <ClInclude Include="..\include\core\Color.h">
      <Filter>include\core</Filter>
    </ClInclude>
    <ClInclude Include="..\include\core\Log.h">
      <Filter>include\core</Filter>
    </ClInclude>
    <ClInclude Include="..\include\core\Resource.h">
      <Filter>include\core</Filter>
    </ClInclude>
    <ClInclude Include="..\include\core\Image.h">
      <Filter>include\core</Filter>
    </ClInclude>
    <ClInclude Include="..\include\core\Texture.h">
      <Filter>include\core</Filter>
    </ClInclude>
    <ClInclude Include="..\include\core\Shader.h">
      <Filter>include\core</Filter>
    </ClInclude>
    <ClInclude Include="..\include\core\StringUtils.h">
      <Filter>include\core</Filter>
    </ClInclude>
    <ClInclude Include="..\include\core\MeshData.h">
      <Filter>include\core</Filter>
    </ClInclude>
    <ClInclude Include="..\include\core\Geometry.h">
      <Filter>include\core</Filter>
    </ClInclude>
    <ClInclude Include="..\include\core\AABB.h">
      <Filter>include\core</Filter>
    </ClInclude>
    <ClInclude Include="..\include\core\ShaderConstants.h">
      <Filter>include\core</Filter>
    </ClInclude>
    <ClInclude Include="..\include\core\Camera.h">
      <Filter>include\core</Filter>
    </ClInclude>
    <ClInclude Include="..\include\core\Plane.h">
      <Filter>include\core</Filter>
    </ClInclude>
    <ClInclude Include="..\include\core\Transform.h">
      <Filter>include\core</Filter>
    </ClInclude>
    <ClInclude Include="..\include\core\Listeners.h">
      <Filter>include\core</Filter>
    </ClInclude>
    <ClInclude Include="..\external\src\imgui\imconfig.h">
      <Filter>imgui</Filter>
    </ClInclude>
    <ClInclude Include="..\external\src\imgui\imgui.h">
      <Filter>imgui</Filter>
    </ClInclude>
    <ClInclude Include="..\include\core\FileMonitor.h">
      <Filter>include\core</Filter>
    </ClInclude>
    <ClInclude Include="..\include\core\ListenerSet.h">
      <Filter>include\core</Filter>
    </ClInclude>
    <ClInclude Include="..\include\core\CameraControllers.h">
      <Filter>include\core</Filter>
    </ClInclude>
    <ClInclude Include="..\include\core\MeshDataLoader.h">
      <Filter>include\core</Filter>
    </ClInclude>
    <ClInclude Include="..\include\core\Entities.h">
      <Filter>include\core</Filter>
    </ClInclude>
    <ClInclude Include="..\include\core\Renderer.h">
      <Filter>include\core</Filter>
    </ClInclude>
    <ClInclude Include="..\include\core\BaseApp.h">
      <Filter>include\core</Filter>
    </ClInclude>
    <ClInclude Include="..\src\tests\Test.h">
      <Filter>src\tests</Filter>
    </ClInclude>
    <ClInclude Include="..\src\tests\Deferred.h">
      <Filter>src\tests</Filter>
    </ClInclude>
    <ClInclude Include="..\external\src\imgui\imgui_internal.h">
      <Filter>imgui</Filter>
    </ClInclude>
    <ClInclude Include="..\include\core\Ui.h">
      <Filter>include\core</Filter>
    </ClInclude>
  </ItemGroup>
</Project>